# This file is automatically @generated by Poetry 1.8.3 and should not be changed by hand.

[[package]]
name = "black"
version = "24.4.2"
description = "The uncompromising code formatter."
optional = false
python-versions = ">=3.8"
files = [
    {file = "black-24.4.2-cp310-cp310-macosx_10_9_x86_64.whl", hash = "sha256:dd1b5a14e417189db4c7b64a6540f31730713d173f0b63e55fabd52d61d8fdce"},
    {file = "black-24.4.2-cp310-cp310-macosx_11_0_arm64.whl", hash = "sha256:8e537d281831ad0e71007dcdcbe50a71470b978c453fa41ce77186bbe0ed6021"},
    {file = "black-24.4.2-cp310-cp310-manylinux_2_17_x86_64.manylinux2014_x86_64.whl", hash = "sha256:eaea3008c281f1038edb473c1aa8ed8143a5535ff18f978a318f10302b254063"},
    {file = "black-24.4.2-cp310-cp310-win_amd64.whl", hash = "sha256:7768a0dbf16a39aa5e9a3ded568bb545c8c2727396d063bbaf847df05b08cd96"},
    {file = "black-24.4.2-cp311-cp311-macosx_10_9_x86_64.whl", hash = "sha256:257d724c2c9b1660f353b36c802ccece186a30accc7742c176d29c146df6e474"},
    {file = "black-24.4.2-cp311-cp311-macosx_11_0_arm64.whl", hash = "sha256:bdde6f877a18f24844e381d45e9947a49e97933573ac9d4345399be37621e26c"},
    {file = "black-24.4.2-cp311-cp311-manylinux_2_17_x86_64.manylinux2014_x86_64.whl", hash = "sha256:e151054aa00bad1f4e1f04919542885f89f5f7d086b8a59e5000e6c616896ffb"},
    {file = "black-24.4.2-cp311-cp311-win_amd64.whl", hash = "sha256:7e122b1c4fb252fd85df3ca93578732b4749d9be076593076ef4d07a0233c3e1"},
    {file = "black-24.4.2-cp312-cp312-macosx_10_9_x86_64.whl", hash = "sha256:accf49e151c8ed2c0cdc528691838afd217c50412534e876a19270fea1e28e2d"},
    {file = "black-24.4.2-cp312-cp312-macosx_11_0_arm64.whl", hash = "sha256:88c57dc656038f1ab9f92b3eb5335ee9b021412feaa46330d5eba4e51fe49b04"},
    {file = "black-24.4.2-cp312-cp312-manylinux_2_17_x86_64.manylinux2014_x86_64.whl", hash = "sha256:be8bef99eb46d5021bf053114442914baeb3649a89dc5f3a555c88737e5e98fc"},
    {file = "black-24.4.2-cp312-cp312-win_amd64.whl", hash = "sha256:415e686e87dbbe6f4cd5ef0fbf764af7b89f9057b97c908742b6008cc554b9c0"},
    {file = "black-24.4.2-cp38-cp38-macosx_10_9_x86_64.whl", hash = "sha256:bf10f7310db693bb62692609b397e8d67257c55f949abde4c67f9cc574492cc7"},
    {file = "black-24.4.2-cp38-cp38-macosx_11_0_arm64.whl", hash = "sha256:98e123f1d5cfd42f886624d84464f7756f60ff6eab89ae845210631714f6db94"},
    {file = "black-24.4.2-cp38-cp38-manylinux_2_17_x86_64.manylinux2014_x86_64.whl", hash = "sha256:48a85f2cb5e6799a9ef05347b476cce6c182d6c71ee36925a6c194d074336ef8"},
    {file = "black-24.4.2-cp38-cp38-win_amd64.whl", hash = "sha256:b1530ae42e9d6d5b670a34db49a94115a64596bc77710b1d05e9801e62ca0a7c"},
    {file = "black-24.4.2-cp39-cp39-macosx_10_9_x86_64.whl", hash = "sha256:37aae07b029fa0174d39daf02748b379399b909652a806e5708199bd93899da1"},
    {file = "black-24.4.2-cp39-cp39-macosx_11_0_arm64.whl", hash = "sha256:da33a1a5e49c4122ccdfd56cd021ff1ebc4a1ec4e2d01594fef9b6f267a9e741"},
    {file = "black-24.4.2-cp39-cp39-manylinux_2_17_x86_64.manylinux2014_x86_64.whl", hash = "sha256:ef703f83fc32e131e9bcc0a5094cfe85599e7109f896fe8bc96cc402f3eb4b6e"},
    {file = "black-24.4.2-cp39-cp39-win_amd64.whl", hash = "sha256:b9176b9832e84308818a99a561e90aa479e73c523b3f77afd07913380ae2eab7"},
    {file = "black-24.4.2-py3-none-any.whl", hash = "sha256:d36ed1124bb81b32f8614555b34cc4259c3fbc7eec17870e8ff8ded335b58d8c"},
    {file = "black-24.4.2.tar.gz", hash = "sha256:c872b53057f000085da66a19c55d68f6f8ddcac2642392ad3a355878406fbd4d"},
]

[package.dependencies]
click = ">=8.0.0"
mypy-extensions = ">=0.4.3"
packaging = ">=22.0"
pathspec = ">=0.9.0"
platformdirs = ">=2"

[package.extras]
colorama = ["colorama (>=0.4.3)"]
d = ["aiohttp (>=3.7.4)", "aiohttp (>=3.7.4,!=3.9.0)"]
jupyter = ["ipython (>=7.8.0)", "tokenize-rt (>=3.2.0)"]
uvloop = ["uvloop (>=0.15.2)"]

[[package]]
name = "click"
version = "8.1.7"
description = "Composable command line interface toolkit"
optional = false
python-versions = ">=3.7"
files = [
    {file = "click-8.1.7-py3-none-any.whl", hash = "sha256:ae74fb96c20a0277a1d615f1e4d73c8414f5a98db8b799a7931d1582f3390c28"},
    {file = "click-8.1.7.tar.gz", hash = "sha256:ca9853ad459e787e2192211578cc907e7594e294c7ccc834310722b41b9ca6de"},
]

[package.dependencies]
colorama = {version = "*", markers = "platform_system == \"Windows\""}

[[package]]
name = "colorama"
version = "0.4.6"
description = "Cross-platform colored terminal text."
optional = false
python-versions = "!=3.0.*,!=3.1.*,!=3.2.*,!=3.3.*,!=3.4.*,!=3.5.*,!=3.6.*,>=2.7"
files = [
    {file = "colorama-0.4.6-py2.py3-none-any.whl", hash = "sha256:4f1d9991f5acc0ca119f9d443620b77f9d6b33703e51011c16baf57afb285fc6"},
    {file = "colorama-0.4.6.tar.gz", hash = "sha256:08695f5cb7ed6e0531a20572697297273c47b8cae5a63ffc6d6ed5c201be6e44"},
]

[[package]]
name = "flake8"
version = "7.0.0"
description = "the modular source code checker: pep8 pyflakes and co"
optional = false
python-versions = ">=3.8.1"
files = [
    {file = "flake8-7.0.0-py2.py3-none-any.whl", hash = "sha256:a6dfbb75e03252917f2473ea9653f7cd799c3064e54d4c8140044c5c065f53c3"},
    {file = "flake8-7.0.0.tar.gz", hash = "sha256:33f96621059e65eec474169085dc92bf26e7b2d47366b70be2f67ab80dc25132"},
]

[package.dependencies]
mccabe = ">=0.7.0,<0.8.0"
pycodestyle = ">=2.11.0,<2.12.0"
pyflakes = ">=3.2.0,<3.3.0"

[[package]]
name = "inflector"
version = "3.1.1"
description = "Inflector for Python"
optional = false
python-versions = "*"
files = [
    {file = "Inflector-3.1.1-py3-none-any.whl", hash = "sha256:b158010b9c400382a9792dcaa05a02c198b27d17fb52a23262e8226c91b13c97"},
    {file = "Inflector-3.1.1.tar.gz", hash = "sha256:1835ccc74ea8b5bea93cee9f7802b5cbbaaa937e268a197a937394aa47dee6d5"},
]

[[package]]
name = "isort"
version = "5.13.2"
description = "A Python utility / library to sort Python imports."
optional = false
python-versions = ">=3.8.0"
files = [
    {file = "isort-5.13.2-py3-none-any.whl", hash = "sha256:8ca5e72a8d85860d5a3fa69b8745237f2939afe12dbf656afbcb47fe72d947a6"},
    {file = "isort-5.13.2.tar.gz", hash = "sha256:48fdfcb9face5d58a4f6dde2e72a1fb8dcaf8ab26f95ab49fab84c2ddefb0109"},
]

[package.extras]
colors = ["colorama (>=0.4.6)"]

[[package]]
name = "levenshtein"
version = "0.25.1"
description = "Python extension for computing string edit distances and similarities."
optional = false
python-versions = ">=3.8"
files = [
    {file = "Levenshtein-0.25.1-cp310-cp310-macosx_10_9_universal2.whl", hash = "sha256:eb4d1ec9f2dcbde1757c4b7fb65b8682bc2de45b9552e201988f287548b7abdf"},
    {file = "Levenshtein-0.25.1-cp310-cp310-macosx_10_9_x86_64.whl", hash = "sha256:b4d9fa3affef48a7e727cdbd0d9502cd060da86f34d8b3627edd769d347570e2"},
    {file = "Levenshtein-0.25.1-cp310-cp310-macosx_11_0_arm64.whl", hash = "sha256:c1b6cd186e58196ff8b402565317e9346b408d0c04fa0ed12ce4868c0fcb6d03"},
    {file = "Levenshtein-0.25.1-cp310-cp310-manylinux_2_17_aarch64.manylinux2014_aarch64.whl", hash = "sha256:82637ef5428384dd1812849dd7328992819bf0c4a20bff0a3b3ee806821af7ed"},
    {file = "Levenshtein-0.25.1-cp310-cp310-manylinux_2_17_ppc64le.manylinux2014_ppc64le.whl", hash = "sha256:e73656da6cc3e32a6e4bcd48562fcb64599ef124997f2c91f5320d7f1532c069"},
    {file = "Levenshtein-0.25.1-cp310-cp310-manylinux_2_17_s390x.manylinux2014_s390x.whl", hash = "sha256:5abff796f92cdfba69b9cbf6527afae918d0e95cbfac000bd84017f74e0bd427"},
    {file = "Levenshtein-0.25.1-cp310-cp310-manylinux_2_17_x86_64.manylinux2014_x86_64.whl", hash = "sha256:38827d82f2ca9cb755da6f03e686866f2f411280db005f4304272378412b4cba"},
    {file = "Levenshtein-0.25.1-cp310-cp310-manylinux_2_5_i686.manylinux1_i686.manylinux_2_17_i686.manylinux2014_i686.whl", hash = "sha256:2b989df1e3231261a87d68dfa001a2070771e178b09650f9cf99a20e3d3abc28"},
    {file = "Levenshtein-0.25.1-cp310-cp310-musllinux_1_1_aarch64.whl", hash = "sha256:2011d3b3897d438a2f88ef7aed7747f28739cae8538ec7c18c33dd989930c7a0"},
    {file = "Levenshtein-0.25.1-cp310-cp310-musllinux_1_1_i686.whl", hash = "sha256:6c375b33ec7acc1c6855e8ee8c7c8ac6262576ffed484ff5c556695527f49686"},
    {file = "Levenshtein-0.25.1-cp310-cp310-musllinux_1_1_ppc64le.whl", hash = "sha256:ce0cb9dd012ef1bf4d5b9d40603e7709b6581aec5acd32fcea9b371b294ca7aa"},
    {file = "Levenshtein-0.25.1-cp310-cp310-musllinux_1_1_s390x.whl", hash = "sha256:9da9ecb81bae67d784defed7274f894011259b038ec31f2339c4958157970115"},
    {file = "Levenshtein-0.25.1-cp310-cp310-musllinux_1_1_x86_64.whl", hash = "sha256:3bd7be5dbe5f4a1b691f381e39512927b39d1e195bd0ad61f9bf217a25bf36c9"},
    {file = "Levenshtein-0.25.1-cp310-cp310-win32.whl", hash = "sha256:f6abb9ced98261de67eb495b95e1d2325fa42b0344ed5763f7c0f36ee2e2bdba"},
    {file = "Levenshtein-0.25.1-cp310-cp310-win_amd64.whl", hash = "sha256:97581af3e0a6d359af85c6cf06e51f77f4d635f7109ff7f8ed7fd634d8d8c923"},
    {file = "Levenshtein-0.25.1-cp310-cp310-win_arm64.whl", hash = "sha256:9ba008f490788c6d8d5a10735fcf83559965be97e4ef0812db388a84b1cc736a"},
    {file = "Levenshtein-0.25.1-cp311-cp311-macosx_10_9_universal2.whl", hash = "sha256:f57d9cf06dac55c2d2f01f0d06e32acc074ab9a902921dc8fddccfb385053ad5"},
    {file = "Levenshtein-0.25.1-cp311-cp311-macosx_10_9_x86_64.whl", hash = "sha256:22b60c6d791f4ca67a3686b557ddb2a48de203dae5214f220f9dddaab17f44bb"},
    {file = "Levenshtein-0.25.1-cp311-cp311-macosx_11_0_arm64.whl", hash = "sha256:d0444ee62eccf1e6cedc7c5bc01a9face6ff70cc8afa3f3ca9340e4e16f601a4"},
    {file = "Levenshtein-0.25.1-cp311-cp311-manylinux_2_17_aarch64.manylinux2014_aarch64.whl", hash = "sha256:7e8758be8221a274c83924bae8dd8f42041792565a3c3bdd3c10e3f9b4a5f94e"},
    {file = "Levenshtein-0.25.1-cp311-cp311-manylinux_2_17_ppc64le.manylinux2014_ppc64le.whl", hash = "sha256:147221cfb1d03ed81d22fdd2a4c7fc2112062941b689e027a30d2b75bbced4a3"},
    {file = "Levenshtein-0.25.1-cp311-cp311-manylinux_2_17_s390x.manylinux2014_s390x.whl", hash = "sha256:a454d5bc4f4a289f5471418788517cc122fcc00d5a8aba78c54d7984840655a2"},
    {file = "Levenshtein-0.25.1-cp311-cp311-manylinux_2_17_x86_64.manylinux2014_x86_64.whl", hash = "sha256:5c25f3778bbac78286bef2df0ca80f50517b42b951af0a5ddaec514412f79fac"},
    {file = "Levenshtein-0.25.1-cp311-cp311-manylinux_2_5_i686.manylinux1_i686.manylinux_2_17_i686.manylinux2014_i686.whl", hash = "sha256:181486cf465aff934694cc9a19f3898a1d28025a9a5f80fc1608217e7cd1c799"},
    {file = "Levenshtein-0.25.1-cp311-cp311-musllinux_1_1_aarch64.whl", hash = "sha256:b8db9f672a5d150706648b37b044dba61f36ab7216c6a121cebbb2899d7dfaa3"},
    {file = "Levenshtein-0.25.1-cp311-cp311-musllinux_1_1_i686.whl", hash = "sha256:f2a69fe5ddea586d439f9a50d0c51952982f6c0db0e3573b167aa17e6d1dfc48"},
    {file = "Levenshtein-0.25.1-cp311-cp311-musllinux_1_1_ppc64le.whl", hash = "sha256:3b684675a3bd35efa6997856e73f36c8a41ef62519e0267dcbeefd15e26cae71"},
    {file = "Levenshtein-0.25.1-cp311-cp311-musllinux_1_1_s390x.whl", hash = "sha256:cc707ef7edb71f6bf8339198b929ead87c022c78040e41668a4db68360129cef"},
    {file = "Levenshtein-0.25.1-cp311-cp311-musllinux_1_1_x86_64.whl", hash = "sha256:41512c436b8c691326e2d07786d906cba0e92b5e3f455bf338befb302a0ca76d"},
    {file = "Levenshtein-0.25.1-cp311-cp311-win32.whl", hash = "sha256:2a3830175c01ade832ba0736091283f14a6506a06ffe8c846f66d9fbca91562f"},
    {file = "Levenshtein-0.25.1-cp311-cp311-win_amd64.whl", hash = "sha256:9e0af4e6e023e0c8f79af1d1ca5f289094eb91201f08ad90f426d71e4ae84052"},
    {file = "Levenshtein-0.25.1-cp311-cp311-win_arm64.whl", hash = "sha256:38e5d9a1d737d7b49fa17d6a4c03a0359288154bf46dc93b29403a9dd0cd1a7d"},
    {file = "Levenshtein-0.25.1-cp312-cp312-macosx_10_9_universal2.whl", hash = "sha256:4a40fa16ecd0bf9e557db67131aabeea957f82fe3e8df342aa413994c710c34e"},
    {file = "Levenshtein-0.25.1-cp312-cp312-macosx_10_9_x86_64.whl", hash = "sha256:4f7d2045d5927cffa65a0ac671c263edbfb17d880fdce2d358cd0bda9bcf2b6d"},
    {file = "Levenshtein-0.25.1-cp312-cp312-macosx_11_0_arm64.whl", hash = "sha256:40f96590539f9815be70e330b4d2efcce0219db31db5a22fffe99565192f5662"},
    {file = "Levenshtein-0.25.1-cp312-cp312-manylinux_2_17_aarch64.manylinux2014_aarch64.whl", hash = "sha256:2d78512dd25b572046ff86d8903bec283c373063349f8243430866b6a9946425"},
    {file = "Levenshtein-0.25.1-cp312-cp312-manylinux_2_17_ppc64le.manylinux2014_ppc64le.whl", hash = "sha256:c161f24a1b216e8555c874c7dd70c1a0d98f783f252a16c9face920a8b8a6f3e"},
    {file = "Levenshtein-0.25.1-cp312-cp312-manylinux_2_17_s390x.manylinux2014_s390x.whl", hash = "sha256:06ebbfd010a00490795f478d18d7fa2ffc79c9c03fc03b678081f31764d16bab"},
    {file = "Levenshtein-0.25.1-cp312-cp312-manylinux_2_17_x86_64.manylinux2014_x86_64.whl", hash = "sha256:eaa9ec0a4489ebfb25a9ec2cba064ed68d0d2485b8bc8b7203f84a7874755e0f"},
    {file = "Levenshtein-0.25.1-cp312-cp312-manylinux_2_5_i686.manylinux1_i686.manylinux_2_17_i686.manylinux2014_i686.whl", hash = "sha256:26408938a6db7b252824a701545d50dc9cdd7a3e4c7ee70834cca17953b76ad8"},
    {file = "Levenshtein-0.25.1-cp312-cp312-musllinux_1_1_aarch64.whl", hash = "sha256:330ec2faff957281f4e6a1a8c88286d1453e1d73ee273ea0f937e0c9281c2156"},
    {file = "Levenshtein-0.25.1-cp312-cp312-musllinux_1_1_i686.whl", hash = "sha256:9115d1b08626dfdea6f3955cb49ba5a578f7223205f80ead0038d6fc0442ce13"},
    {file = "Levenshtein-0.25.1-cp312-cp312-musllinux_1_1_ppc64le.whl", hash = "sha256:bbd602edab758e93a5c67bf0d8322f374a47765f1cdb6babaf593a64dc9633ad"},
    {file = "Levenshtein-0.25.1-cp312-cp312-musllinux_1_1_s390x.whl", hash = "sha256:b930b4df32cd3aabbed0e9f0c4fdd1ea4090a5c022ba9f1ae4ab70ccf1cf897a"},
    {file = "Levenshtein-0.25.1-cp312-cp312-musllinux_1_1_x86_64.whl", hash = "sha256:dd66fb51f88a3f73a802e1ff19a14978ddc9fbcb7ce3a667ca34f95ef54e0e44"},
    {file = "Levenshtein-0.25.1-cp312-cp312-win32.whl", hash = "sha256:386de94bd1937a16ae3c8f8b7dd2eff1b733994ecf56ce4d05dfdd0e776d0261"},
    {file = "Levenshtein-0.25.1-cp312-cp312-win_amd64.whl", hash = "sha256:9ee1902153d47886c9787598a4a5c324ce7fde44d44daa34fcf3652ac0de21bc"},
    {file = "Levenshtein-0.25.1-cp312-cp312-win_arm64.whl", hash = "sha256:b56a7e7676093c3aee50402226f4079b15bd21b5b8f1820f9d6d63fe99dc4927"},
    {file = "Levenshtein-0.25.1-cp38-cp38-macosx_10_9_universal2.whl", hash = "sha256:6b5dfdf6a0e2f35fd155d4c26b03398499c24aba7bc5db40245789c46ad35c04"},
    {file = "Levenshtein-0.25.1-cp38-cp38-macosx_10_9_x86_64.whl", hash = "sha256:355ff797f704459ddd8b95354d699d0d0642348636c92d5e67b49be4b0e6112b"},
    {file = "Levenshtein-0.25.1-cp38-cp38-macosx_11_0_arm64.whl", hash = "sha256:933b827a3b721210fff522f3dca9572f9f374a0e88fa3a6c7ee3164406ae7794"},
    {file = "Levenshtein-0.25.1-cp38-cp38-manylinux_2_17_aarch64.manylinux2014_aarch64.whl", hash = "sha256:be1da669a240f272d904ab452ad0a1603452e190f4e03e886e6b3a9904152b89"},
    {file = "Levenshtein-0.25.1-cp38-cp38-manylinux_2_17_ppc64le.manylinux2014_ppc64le.whl", hash = "sha256:265cbd78962503a26f2bea096258a3b70b279bb1a74a525c671d3ee43a190f9c"},
    {file = "Levenshtein-0.25.1-cp38-cp38-manylinux_2_17_s390x.manylinux2014_s390x.whl", hash = "sha256:63cc4d53a35e673b12b721a58b197b4a65734688fb72aa1987ce63ed612dca96"},
    {file = "Levenshtein-0.25.1-cp38-cp38-manylinux_2_17_x86_64.manylinux2014_x86_64.whl", hash = "sha256:75fee0c471b8799c70dad9d0d5b70f1f820249257f9617601c71b6c1b37bee92"},
    {file = "Levenshtein-0.25.1-cp38-cp38-manylinux_2_5_i686.manylinux1_i686.manylinux_2_17_i686.manylinux2014_i686.whl", hash = "sha256:045d6b0db124fbd37379b2b91f6d0786c2d9220e7a848e2dd31b99509a321240"},
    {file = "Levenshtein-0.25.1-cp38-cp38-musllinux_1_1_aarch64.whl", hash = "sha256:db7a2e9c51ac9cc2fd5679484f1eac6e0ab2085cb181240445f7fbf10df73230"},
    {file = "Levenshtein-0.25.1-cp38-cp38-musllinux_1_1_i686.whl", hash = "sha256:c379c588aa0d93d4607db7eb225fd683263d49669b1bbe49e28c978aa6a4305d"},
    {file = "Levenshtein-0.25.1-cp38-cp38-musllinux_1_1_ppc64le.whl", hash = "sha256:966dd00424df7f69b78da02a29b530fbb6c1728e9002a2925ed7edf26b231924"},
    {file = "Levenshtein-0.25.1-cp38-cp38-musllinux_1_1_s390x.whl", hash = "sha256:09daa6b068709cc1e68b670a706d928ed8f0b179a26161dd04b3911d9f757525"},
    {file = "Levenshtein-0.25.1-cp38-cp38-musllinux_1_1_x86_64.whl", hash = "sha256:d6bed0792635081accf70a7e11cfece986f744fddf46ce26808cd8bfc067e430"},
    {file = "Levenshtein-0.25.1-cp38-cp38-win32.whl", hash = "sha256:28e7b7faf5a745a690d1b1706ab82a76bbe9fa6b729d826f0cfdd24fd7c19740"},
    {file = "Levenshtein-0.25.1-cp38-cp38-win_amd64.whl", hash = "sha256:8ca0cc9b9e07316b5904f158d5cfa340d55b4a3566ac98eaac9f087c6efb9a1a"},
    {file = "Levenshtein-0.25.1-cp39-cp39-macosx_10_9_universal2.whl", hash = "sha256:45682cdb3ac4a5465c01b2dce483bdaa1d5dcd1a1359fab37d26165b027d3de2"},
    {file = "Levenshtein-0.25.1-cp39-cp39-macosx_10_9_x86_64.whl", hash = "sha256:f8dc3e63c4cd746ec162a4cd744c6dde857e84aaf8c397daa46359c3d54e6219"},
    {file = "Levenshtein-0.25.1-cp39-cp39-macosx_11_0_arm64.whl", hash = "sha256:01ad1eb09933a499a49923e74e05b1428ca4ef37fed32965fef23f1334a11563"},
    {file = "Levenshtein-0.25.1-cp39-cp39-manylinux_2_17_aarch64.manylinux2014_aarch64.whl", hash = "sha256:cbb4e8c4b8b7bbe0e1aa64710b806b6c3f31d93cb14969ae2c0eff0f3a592db8"},
    {file = "Levenshtein-0.25.1-cp39-cp39-manylinux_2_17_ppc64le.manylinux2014_ppc64le.whl", hash = "sha256:b48d1fe224b365975002e3e2ea947cbb91d2936a16297859b71c4abe8a39932c"},
    {file = "Levenshtein-0.25.1-cp39-cp39-manylinux_2_17_s390x.manylinux2014_s390x.whl", hash = "sha256:a164df16d876aab0a400f72aeac870ea97947ea44777c89330e9a16c7dc5cc0e"},
    {file = "Levenshtein-0.25.1-cp39-cp39-manylinux_2_17_x86_64.manylinux2014_x86_64.whl", hash = "sha256:995d3bcedcf64be6ceca423f6cfe29184a36d7c4cbac199fdc9a0a5ec7196cf5"},
    {file = "Levenshtein-0.25.1-cp39-cp39-manylinux_2_5_i686.manylinux1_i686.manylinux_2_17_i686.manylinux2014_i686.whl", hash = "sha256:bdaf62d637bef6711d6f3457e2684faab53b2db2ed53c05bc0dc856464c74742"},
    {file = "Levenshtein-0.25.1-cp39-cp39-musllinux_1_1_aarch64.whl", hash = "sha256:af9de3b5f8f5f3530cfd97daab9ab480d1b121ef34d8c0aa5bab0c645eae219e"},
    {file = "Levenshtein-0.25.1-cp39-cp39-musllinux_1_1_i686.whl", hash = "sha256:78fba73c352383b356a30c4674e39f086ffef7122fa625e7550b98be2392d387"},
    {file = "Levenshtein-0.25.1-cp39-cp39-musllinux_1_1_ppc64le.whl", hash = "sha256:9e0df0dcea3943321398f72e330c089b5d5447318310db6f17f5421642f3ade6"},
    {file = "Levenshtein-0.25.1-cp39-cp39-musllinux_1_1_s390x.whl", hash = "sha256:387f768bb201b9bc45f0f49557e2fb9a3774d9d087457bab972162dcd4fd352b"},
    {file = "Levenshtein-0.25.1-cp39-cp39-musllinux_1_1_x86_64.whl", hash = "sha256:5dcf931b64311039b43495715e9b795fbd97ab44ba3dd6bf24360b15e4e87649"},
    {file = "Levenshtein-0.25.1-cp39-cp39-win32.whl", hash = "sha256:2449f8668c0bd62a2b305a5e797348984c06ac20903b38b3bab74e55671ddd51"},
    {file = "Levenshtein-0.25.1-cp39-cp39-win_amd64.whl", hash = "sha256:28803fd6ec7b58065621f5ec0d24e44e2a7dc4842b64dcab690cb0a7ea545210"},
    {file = "Levenshtein-0.25.1-cp39-cp39-win_arm64.whl", hash = "sha256:0b074d452dff8ee86b5bdb6031aa32bb2ed3c8469a56718af5e010b9bb5124dc"},
    {file = "Levenshtein-0.25.1-pp38-pypy38_pp73-macosx_10_9_x86_64.whl", hash = "sha256:e9e060ef3925a68aeb12276f0e524fb1264592803d562ec0306c7c3f5c68eae0"},
    {file = "Levenshtein-0.25.1-pp38-pypy38_pp73-manylinux_2_17_aarch64.manylinux2014_aarch64.whl", hash = "sha256:5f84b84049318d44722db307c448f9dcb8d27c73525a378e901189a94889ba61"},
    {file = "Levenshtein-0.25.1-pp38-pypy38_pp73-manylinux_2_17_x86_64.manylinux2014_x86_64.whl", hash = "sha256:07e23fdf330cb185a0c7913ca5bd73a189dfd1742eae3a82e31ed8688b191800"},
    {file = "Levenshtein-0.25.1-pp38-pypy38_pp73-manylinux_2_5_i686.manylinux1_i686.manylinux_2_17_i686.manylinux2014_i686.whl", hash = "sha256:d06958e4a81ea0f0b2b7768a2ad05bcd50a9ad04c4d521dd37d5730ff12decdc"},
    {file = "Levenshtein-0.25.1-pp38-pypy38_pp73-win_amd64.whl", hash = "sha256:2ea7c34ec22b2fce21299b0caa6dde6bdebafcc2970e265853c9cfea8d1186da"},
    {file = "Levenshtein-0.25.1-pp39-pypy39_pp73-macosx_10_9_x86_64.whl", hash = "sha256:fddc0ccbdd94f57aa32e2eb3ac8310d08df2e175943dc20b3e1fc7a115850af4"},
    {file = "Levenshtein-0.25.1-pp39-pypy39_pp73-manylinux_2_17_aarch64.manylinux2014_aarch64.whl", hash = "sha256:7d52249cb3448bfe661d3d7db3a6673e835c7f37b30b0aeac499a1601bae873d"},
    {file = "Levenshtein-0.25.1-pp39-pypy39_pp73-manylinux_2_17_x86_64.manylinux2014_x86_64.whl", hash = "sha256:e8dd4c201b15f8c1e612f9074335392c8208ac147acbce09aff04e3974bf9b16"},
    {file = "Levenshtein-0.25.1-pp39-pypy39_pp73-manylinux_2_5_i686.manylinux1_i686.manylinux_2_17_i686.manylinux2014_i686.whl", hash = "sha256:23a4d95ce9d44161c7aa87ab76ad6056bc1093c461c60c097054a46dc957991f"},
    {file = "Levenshtein-0.25.1-pp39-pypy39_pp73-win_amd64.whl", hash = "sha256:65eea8a9c33037b23069dca4b3bc310e3c28ca53f60ec0c958d15c0952ba39fa"},
    {file = "Levenshtein-0.25.1.tar.gz", hash = "sha256:2df14471c778c75ffbd59cb64bbecfd4b0ef320ef9f80e4804764be7d5678980"},
]

[package.dependencies]
rapidfuzz = ">=3.8.0,<4.0.0"

[[package]]
name = "mccabe"
version = "0.7.0"
description = "McCabe checker, plugin for flake8"
optional = false
python-versions = ">=3.6"
files = [
    {file = "mccabe-0.7.0-py2.py3-none-any.whl", hash = "sha256:6c2d30ab6be0e4a46919781807b4f0d834ebdd6c6e3dca0bda5a15f863427b6e"},
    {file = "mccabe-0.7.0.tar.gz", hash = "sha256:348e0240c33b60bbdf4e523192ef919f28cb2c3d7d5c7794f74009290f236325"},
]

[[package]]
name = "mypy-extensions"
version = "1.0.0"
description = "Type system extensions for programs checked with the mypy type checker."
optional = false
python-versions = ">=3.5"
files = [
    {file = "mypy_extensions-1.0.0-py3-none-any.whl", hash = "sha256:4392f6c0eb8a5668a69e23d168ffa70f0be9ccfd32b5cc2d26a34ae5b844552d"},
    {file = "mypy_extensions-1.0.0.tar.gz", hash = "sha256:75dbf8955dc00442a438fc4d0666508a9a97b6bd41aa2f0ffe9d2f2725af0782"},
]

[[package]]
name = "packaging"
version = "24.0"
description = "Core utilities for Python packages"
optional = false
python-versions = ">=3.7"
files = [
    {file = "packaging-24.0-py3-none-any.whl", hash = "sha256:2ddfb553fdf02fb784c234c7ba6ccc288296ceabec964ad2eae3777778130bc5"},
    {file = "packaging-24.0.tar.gz", hash = "sha256:eb82c5e3e56209074766e6885bb04b8c38a0c015d0a30036ebe7ece34c9989e9"},
]

[[package]]
name = "pathspec"
version = "0.12.1"
description = "Utility library for gitignore style pattern matching of file paths."
optional = false
python-versions = ">=3.8"
files = [
    {file = "pathspec-0.12.1-py3-none-any.whl", hash = "sha256:a0d503e138a4c123b27490a4f7beda6a01c6f288df0e4a8b79c7eb0dc7b4cc08"},
    {file = "pathspec-0.12.1.tar.gz", hash = "sha256:a482d51503a1ab33b1c67a6c3813a26953dbdc71c31dacaef9a838c4e29f5712"},
]

[[package]]
name = "platformdirs"
version = "4.2.2"
description = "A small Python package for determining appropriate platform-specific dirs, e.g. a `user data dir`."
optional = false
python-versions = ">=3.8"
files = [
    {file = "platformdirs-4.2.2-py3-none-any.whl", hash = "sha256:2d7a1657e36a80ea911db832a8a6ece5ee53d8de21edd5cc5879af6530b1bfee"},
    {file = "platformdirs-4.2.2.tar.gz", hash = "sha256:38b7b51f512eed9e84a22788b4bce1de17c0adb134d6becb09836e37d8654cd3"},
]

[package.extras]
docs = ["furo (>=2023.9.10)", "proselint (>=0.13)", "sphinx (>=7.2.6)", "sphinx-autodoc-typehints (>=1.25.2)"]
test = ["appdirs (==1.4.4)", "covdefaults (>=2.3)", "pytest (>=7.4.3)", "pytest-cov (>=4.1)", "pytest-mock (>=3.12)"]
type = ["mypy (>=1.8)"]

[[package]]
name = "pycodestyle"
version = "2.11.1"
description = "Python style guide checker"
optional = false
python-versions = ">=3.8"
files = [
    {file = "pycodestyle-2.11.1-py2.py3-none-any.whl", hash = "sha256:44fe31000b2d866f2e41841b18528a505fbd7fef9017b04eff4e2648a0fadc67"},
    {file = "pycodestyle-2.11.1.tar.gz", hash = "sha256:41ba0e7afc9752dfb53ced5489e89f8186be00e599e712660695b7a75ff2663f"},
]

[[package]]
name = "pyflakes"
version = "3.2.0"
description = "passive checker of Python programs"
optional = false
python-versions = ">=3.8"
files = [
    {file = "pyflakes-3.2.0-py2.py3-none-any.whl", hash = "sha256:84b5be138a2dfbb40689ca07e2152deb896a65c3a3e24c251c5c62489568074a"},
    {file = "pyflakes-3.2.0.tar.gz", hash = "sha256:1c61603ff154621fb2a9172037d84dca3500def8c8b630657d1701f026f8af3f"},
]

[[package]]
name = "rapidfuzz"
version = "3.9.3"
description = "rapid fuzzy string matching"
optional = false
python-versions = ">=3.8"
files = [
    {file = "rapidfuzz-3.9.3-cp310-cp310-macosx_10_9_x86_64.whl", hash = "sha256:bdb8c5b8e29238ec80727c2ba3b301efd45aa30c6a7001123a6647b8e6f77ea4"},
    {file = "rapidfuzz-3.9.3-cp310-cp310-macosx_11_0_arm64.whl", hash = "sha256:b3bd0d9632088c63a241f217742b1cf86e2e8ae573e01354775bd5016d12138c"},
    {file = "rapidfuzz-3.9.3-cp310-cp310-manylinux_2_17_aarch64.manylinux2014_aarch64.whl", hash = "sha256:153f23c03d4917f6a1fc2fb56d279cc6537d1929237ff08ee7429d0e40464a18"},
    {file = "rapidfuzz-3.9.3-cp310-cp310-manylinux_2_17_i686.manylinux2014_i686.whl", hash = "sha256:a96c5225e840f1587f1bac8fa6f67562b38e095341576e82b728a82021f26d62"},
    {file = "rapidfuzz-3.9.3-cp310-cp310-manylinux_2_17_ppc64le.manylinux2014_ppc64le.whl", hash = "sha256:b777cd910ceecd738adc58593d6ed42e73f60ad04ecdb4a841ae410b51c92e0e"},
    {file = "rapidfuzz-3.9.3-cp310-cp310-manylinux_2_17_s390x.manylinux2014_s390x.whl", hash = "sha256:53e06e4b81f552da04940aa41fc556ba39dee5513d1861144300c36c33265b76"},
    {file = "rapidfuzz-3.9.3-cp310-cp310-manylinux_2_17_x86_64.manylinux2014_x86_64.whl", hash = "sha256:5c7ca5b6050f18fdcacdada2dc5fb7619ff998cd9aba82aed2414eee74ebe6cd"},
    {file = "rapidfuzz-3.9.3-cp310-cp310-musllinux_1_2_aarch64.whl", hash = "sha256:87bb8d84cb41446a808c4b5f746e29d8a53499381ed72f6c4e456fe0f81c80a8"},
    {file = "rapidfuzz-3.9.3-cp310-cp310-musllinux_1_2_i686.whl", hash = "sha256:959a15186d18425d19811bea86a8ffbe19fd48644004d29008e636631420a9b7"},
    {file = "rapidfuzz-3.9.3-cp310-cp310-musllinux_1_2_ppc64le.whl", hash = "sha256:a24603dd05fb4e3c09d636b881ce347e5f55f925a6b1b4115527308a323b9f8e"},
    {file = "rapidfuzz-3.9.3-cp310-cp310-musllinux_1_2_s390x.whl", hash = "sha256:0d055da0e801c71dd74ba81d72d41b2fa32afa182b9fea6b4b199d2ce937450d"},
    {file = "rapidfuzz-3.9.3-cp310-cp310-musllinux_1_2_x86_64.whl", hash = "sha256:875b581afb29a7213cf9d98cb0f98df862f1020bce9d9b2e6199b60e78a41d14"},
    {file = "rapidfuzz-3.9.3-cp310-cp310-win32.whl", hash = "sha256:6073a46f61479a89802e3f04655267caa6c14eb8ac9d81a635a13805f735ebc1"},
    {file = "rapidfuzz-3.9.3-cp310-cp310-win_amd64.whl", hash = "sha256:119c010e20e561249b99ca2627f769fdc8305b07193f63dbc07bca0a6c27e892"},
    {file = "rapidfuzz-3.9.3-cp310-cp310-win_arm64.whl", hash = "sha256:790b0b244f3213581d42baa2fed8875f9ee2b2f9b91f94f100ec80d15b140ba9"},
    {file = "rapidfuzz-3.9.3-cp311-cp311-macosx_10_9_x86_64.whl", hash = "sha256:f57e8305c281e8c8bc720515540e0580355100c0a7a541105c6cafc5de71daae"},
    {file = "rapidfuzz-3.9.3-cp311-cp311-macosx_11_0_arm64.whl", hash = "sha256:a4fc7b784cf987dbddc300cef70e09a92ed1bce136f7bb723ea79d7e297fe76d"},
    {file = "rapidfuzz-3.9.3-cp311-cp311-manylinux_2_17_aarch64.manylinux2014_aarch64.whl", hash = "sha256:5b422c0a6fe139d5447a0766268e68e6a2a8c2611519f894b1f31f0a392b9167"},
    {file = "rapidfuzz-3.9.3-cp311-cp311-manylinux_2_17_i686.manylinux2014_i686.whl", hash = "sha256:f50fed4a9b0c9825ff37cf0bccafd51ff5792090618f7846a7650f21f85579c9"},
    {file = "rapidfuzz-3.9.3-cp311-cp311-manylinux_2_17_ppc64le.manylinux2014_ppc64le.whl", hash = "sha256:b80eb7cbe62348c61d3e67e17057cddfd6defab168863028146e07d5a8b24a89"},
    {file = "rapidfuzz-3.9.3-cp311-cp311-manylinux_2_17_s390x.manylinux2014_s390x.whl", hash = "sha256:65f45be77ec82da32ce5709a362e236ccf801615cc7163b136d1778cf9e31b14"},
    {file = "rapidfuzz-3.9.3-cp311-cp311-manylinux_2_17_x86_64.manylinux2014_x86_64.whl", hash = "sha256:fd84b7f652a5610733400307dc732f57c4a907080bef9520412e6d9b55bc9adc"},
    {file = "rapidfuzz-3.9.3-cp311-cp311-musllinux_1_2_aarch64.whl", hash = "sha256:3e6d27dad8c990218b8cd4a5c99cbc8834f82bb46ab965a7265d5aa69fc7ced7"},
    {file = "rapidfuzz-3.9.3-cp311-cp311-musllinux_1_2_i686.whl", hash = "sha256:05ee0696ebf0dfe8f7c17f364d70617616afc7dafe366532730ca34056065b8a"},
    {file = "rapidfuzz-3.9.3-cp311-cp311-musllinux_1_2_ppc64le.whl", hash = "sha256:2bc8391749e5022cd9e514ede5316f86e332ffd3cfceeabdc0b17b7e45198a8c"},
    {file = "rapidfuzz-3.9.3-cp311-cp311-musllinux_1_2_s390x.whl", hash = "sha256:93981895602cf5944d89d317ae3b1b4cc684d175a8ae2a80ce5b65615e72ddd0"},
    {file = "rapidfuzz-3.9.3-cp311-cp311-musllinux_1_2_x86_64.whl", hash = "sha256:754b719a4990735f66653c9e9261dcf52fd4d925597e43d6b9069afcae700d21"},
    {file = "rapidfuzz-3.9.3-cp311-cp311-win32.whl", hash = "sha256:14c9f268ade4c88cf77ab007ad0fdf63699af071ee69378de89fff7aa3cae134"},
    {file = "rapidfuzz-3.9.3-cp311-cp311-win_amd64.whl", hash = "sha256:bc1991b4cde6c9d3c0bbcb83d5581dc7621bec8c666c095c65b4277233265a82"},
    {file = "rapidfuzz-3.9.3-cp311-cp311-win_arm64.whl", hash = "sha256:0c34139df09a61b1b557ab65782ada971b4a3bce7081d1b2bee45b0a52231adb"},
    {file = "rapidfuzz-3.9.3-cp312-cp312-macosx_10_9_x86_64.whl", hash = "sha256:5d6a210347d6e71234af5c76d55eeb0348b026c9bb98fe7c1cca89bac50fb734"},
    {file = "rapidfuzz-3.9.3-cp312-cp312-macosx_11_0_arm64.whl", hash = "sha256:b300708c917ce52f6075bdc6e05b07c51a085733650f14b732c087dc26e0aaad"},
    {file = "rapidfuzz-3.9.3-cp312-cp312-manylinux_2_17_aarch64.manylinux2014_aarch64.whl", hash = "sha256:83ea7ca577d76778250421de61fb55a719e45b841deb769351fc2b1740763050"},
    {file = "rapidfuzz-3.9.3-cp312-cp312-manylinux_2_17_i686.manylinux2014_i686.whl", hash = "sha256:8319838fb5b7b5f088d12187d91d152b9386ce3979ed7660daa0ed1bff953791"},
    {file = "rapidfuzz-3.9.3-cp312-cp312-manylinux_2_17_ppc64le.manylinux2014_ppc64le.whl", hash = "sha256:505d99131afd21529293a9a7b91dfc661b7e889680b95534756134dc1cc2cd86"},
    {file = "rapidfuzz-3.9.3-cp312-cp312-manylinux_2_17_s390x.manylinux2014_s390x.whl", hash = "sha256:c52970f7784518d7c82b07a62a26e345d2de8c2bd8ed4774e13342e4b3ff4200"},
    {file = "rapidfuzz-3.9.3-cp312-cp312-manylinux_2_17_x86_64.manylinux2014_x86_64.whl", hash = "sha256:143caf7247449055ecc3c1e874b69e42f403dfc049fc2f3d5f70e1daf21c1318"},
    {file = "rapidfuzz-3.9.3-cp312-cp312-musllinux_1_2_aarch64.whl", hash = "sha256:b8ab0fa653d9225195a8ff924f992f4249c1e6fa0aea563f685e71b81b9fcccf"},
    {file = "rapidfuzz-3.9.3-cp312-cp312-musllinux_1_2_i686.whl", hash = "sha256:57e7c5bf7b61c7320cfa5dde1e60e678d954ede9bb7da8e763959b2138391401"},
    {file = "rapidfuzz-3.9.3-cp312-cp312-musllinux_1_2_ppc64le.whl", hash = "sha256:51fa1ba84653ab480a2e2044e2277bd7f0123d6693051729755addc0d015c44f"},
    {file = "rapidfuzz-3.9.3-cp312-cp312-musllinux_1_2_s390x.whl", hash = "sha256:17ff7f7eecdb169f9236e3b872c96dbbaf116f7787f4d490abd34b0116e3e9c8"},
    {file = "rapidfuzz-3.9.3-cp312-cp312-musllinux_1_2_x86_64.whl", hash = "sha256:afe7c72d3f917b066257f7ff48562e5d462d865a25fbcabf40fca303a9fa8d35"},
    {file = "rapidfuzz-3.9.3-cp312-cp312-win32.whl", hash = "sha256:e53ed2e9b32674ce96eed80b3b572db9fd87aae6742941fb8e4705e541d861ce"},
    {file = "rapidfuzz-3.9.3-cp312-cp312-win_amd64.whl", hash = "sha256:35b7286f177e4d8ba1e48b03612f928a3c4bdac78e5651379cec59f95d8651e6"},
    {file = "rapidfuzz-3.9.3-cp312-cp312-win_arm64.whl", hash = "sha256:e6e4b9380ed4758d0cb578b0d1970c3f32dd9e87119378729a5340cb3169f879"},
    {file = "rapidfuzz-3.9.3-cp38-cp38-macosx_10_9_x86_64.whl", hash = "sha256:a39890013f6d5b056cc4bfdedc093e322462ece1027a57ef0c636537bdde7531"},
    {file = "rapidfuzz-3.9.3-cp38-cp38-macosx_11_0_arm64.whl", hash = "sha256:b5bc0fdbf419493163c5c9cb147c5fbe95b8e25844a74a8807dcb1a125e630cf"},
    {file = "rapidfuzz-3.9.3-cp38-cp38-manylinux_2_17_aarch64.manylinux2014_aarch64.whl", hash = "sha256:efe6e200a75a792d37b960457904c4fce7c928a96ae9e5d21d2bd382fe39066e"},
    {file = "rapidfuzz-3.9.3-cp38-cp38-manylinux_2_17_i686.manylinux2014_i686.whl", hash = "sha256:de077c468c225d4c18f7188c47d955a16d65f21aab121cbdd98e3e2011002c37"},
    {file = "rapidfuzz-3.9.3-cp38-cp38-manylinux_2_17_ppc64le.manylinux2014_ppc64le.whl", hash = "sha256:8f917eaadf5388466a95f6a236f678a1588d231e52eda85374077101842e794e"},
    {file = "rapidfuzz-3.9.3-cp38-cp38-manylinux_2_17_s390x.manylinux2014_s390x.whl", hash = "sha256:858ba57c05afd720db8088a8707079e8d024afe4644001fe0dbd26ef7ca74a65"},
    {file = "rapidfuzz-3.9.3-cp38-cp38-manylinux_2_17_x86_64.manylinux2014_x86_64.whl", hash = "sha256:d36447d21b05f90282a6f98c5a33771805f9222e5d0441d03eb8824e33e5bbb4"},
    {file = "rapidfuzz-3.9.3-cp38-cp38-musllinux_1_2_aarch64.whl", hash = "sha256:acbe4b6f1ccd5b90c29d428e849aa4242e51bb6cab0448d5f3c022eb9a25f7b1"},
    {file = "rapidfuzz-3.9.3-cp38-cp38-musllinux_1_2_i686.whl", hash = "sha256:53c7f27cdf899e94712972237bda48cfd427646aa6f5d939bf45d084780e4c16"},
    {file = "rapidfuzz-3.9.3-cp38-cp38-musllinux_1_2_ppc64le.whl", hash = "sha256:6175682a829c6dea4d35ed707f1dadc16513270ef64436568d03b81ccb6bdb74"},
    {file = "rapidfuzz-3.9.3-cp38-cp38-musllinux_1_2_s390x.whl", hash = "sha256:5276df395bd8497397197fca2b5c85f052d2e6a66ffc3eb0544dd9664d661f95"},
    {file = "rapidfuzz-3.9.3-cp38-cp38-musllinux_1_2_x86_64.whl", hash = "sha256:77b5c4f3e72924d7845f0e189c304270066d0f49635cf8a3938e122c437e58de"},
    {file = "rapidfuzz-3.9.3-cp38-cp38-win32.whl", hash = "sha256:8add34061e5cd561c72ed4febb5c15969e7b25bda2bb5102d02afc3abc1f52d0"},
    {file = "rapidfuzz-3.9.3-cp38-cp38-win_amd64.whl", hash = "sha256:604e0502a39cf8e67fa9ad239394dddad4cdef6d7008fdb037553817d420e108"},
    {file = "rapidfuzz-3.9.3-cp39-cp39-macosx_10_9_x86_64.whl", hash = "sha256:21047f55d674614eb4b0ab34e35c3dc66f36403b9fbfae645199c4a19d4ed447"},
    {file = "rapidfuzz-3.9.3-cp39-cp39-macosx_11_0_arm64.whl", hash = "sha256:a56da3aff97cb56fe85d9ca957d1f55dbac7c27da927a86a2a86d8a7e17f80aa"},
    {file = "rapidfuzz-3.9.3-cp39-cp39-manylinux_2_17_aarch64.manylinux2014_aarch64.whl", hash = "sha256:964c08481aec2fe574f0062e342924db2c6b321391aeb73d68853ed42420fd6d"},
    {file = "rapidfuzz-3.9.3-cp39-cp39-manylinux_2_17_i686.manylinux2014_i686.whl", hash = "sha256:5e2b827258beefbe5d3f958243caa5a44cf46187eff0c20e0b2ab62d1550327a"},
    {file = "rapidfuzz-3.9.3-cp39-cp39-manylinux_2_17_ppc64le.manylinux2014_ppc64le.whl", hash = "sha256:c6e65a301fcd19fbfbee3a514cc0014ff3f3b254b9fd65886e8a9d6957fb7bca"},
    {file = "rapidfuzz-3.9.3-cp39-cp39-manylinux_2_17_s390x.manylinux2014_s390x.whl", hash = "sha256:cbe93ba1725a8d47d2b9dca6c1f435174859427fbc054d83de52aea5adc65729"},
    {file = "rapidfuzz-3.9.3-cp39-cp39-manylinux_2_17_x86_64.manylinux2014_x86_64.whl", hash = "sha256:aca21c0a34adee582775da997a600283e012a608a107398d80a42f9a57ad323d"},
    {file = "rapidfuzz-3.9.3-cp39-cp39-musllinux_1_2_aarch64.whl", hash = "sha256:256e07d3465173b2a91c35715a2277b1ee3ae0b9bbab4e519df6af78570741d0"},
    {file = "rapidfuzz-3.9.3-cp39-cp39-musllinux_1_2_i686.whl", hash = "sha256:802ca2cc8aa6b8b34c6fdafb9e32540c1ba05fca7ad60b3bbd7ec89ed1797a87"},
    {file = "rapidfuzz-3.9.3-cp39-cp39-musllinux_1_2_ppc64le.whl", hash = "sha256:dd789100fc852cffac1449f82af0da139d36d84fd9faa4f79fc4140a88778343"},
    {file = "rapidfuzz-3.9.3-cp39-cp39-musllinux_1_2_s390x.whl", hash = "sha256:5d0abbacdb06e27ff803d7ae0bd0624020096802758068ebdcab9bd49cf53115"},
    {file = "rapidfuzz-3.9.3-cp39-cp39-musllinux_1_2_x86_64.whl", hash = "sha256:378d1744828e27490a823fc6fe6ebfb98c15228d54826bf4e49e4b76eb5f5579"},
    {file = "rapidfuzz-3.9.3-cp39-cp39-win32.whl", hash = "sha256:5d0cb272d43e6d3c0dedefdcd9d00007471f77b52d2787a4695e9dd319bb39d2"},
    {file = "rapidfuzz-3.9.3-cp39-cp39-win_amd64.whl", hash = "sha256:15e4158ac4b3fb58108072ec35b8a69165f651ba1c8f43559a36d518dbf9fb3f"},
    {file = "rapidfuzz-3.9.3-cp39-cp39-win_arm64.whl", hash = "sha256:58c6a4936190c558d5626b79fc9e16497e5df7098589a7e80d8bff68148ff096"},
    {file = "rapidfuzz-3.9.3-pp310-pypy310_pp73-macosx_10_9_x86_64.whl", hash = "sha256:5410dc848c947a603792f4f51b904a3331cf1dc60621586bfbe7a6de72da1091"},
    {file = "rapidfuzz-3.9.3-pp310-pypy310_pp73-macosx_11_0_arm64.whl", hash = "sha256:282d55700a1a3d3a7980746eb2fcd48c9bbc1572ebe0840d0340d548a54d01fe"},
    {file = "rapidfuzz-3.9.3-pp310-pypy310_pp73-manylinux_2_17_aarch64.manylinux2014_aarch64.whl", hash = "sha256:dc1037507810833646481f5729901a154523f98cbebb1157ba3a821012e16402"},
    {file = "rapidfuzz-3.9.3-pp310-pypy310_pp73-manylinux_2_17_i686.manylinux2014_i686.whl", hash = "sha256:5e33f779391caedcba2ba3089fb6e8e557feab540e9149a5c3f7fea7a3a7df37"},
    {file = "rapidfuzz-3.9.3-pp310-pypy310_pp73-manylinux_2_17_x86_64.manylinux2014_x86_64.whl", hash = "sha256:41a81a9f311dc83d22661f9b1a1de983b201322df0c4554042ffffd0f2040c37"},
    {file = "rapidfuzz-3.9.3-pp310-pypy310_pp73-win_amd64.whl", hash = "sha256:a93250bd8fae996350c251e1752f2c03335bb8a0a5b0c7e910a593849121a435"},
    {file = "rapidfuzz-3.9.3-pp38-pypy38_pp73-macosx_10_9_x86_64.whl", hash = "sha256:3617d1aa7716c57d120b6adc8f7c989f2d65bc2b0cbd5f9288f1fc7bf469da11"},
    {file = "rapidfuzz-3.9.3-pp38-pypy38_pp73-macosx_11_0_arm64.whl", hash = "sha256:ad04a3f5384b82933213bba2459f6424decc2823df40098920856bdee5fd6e88"},
    {file = "rapidfuzz-3.9.3-pp38-pypy38_pp73-manylinux_2_17_aarch64.manylinux2014_aarch64.whl", hash = "sha256:8709918da8a88ad73c9d4dd0ecf24179a4f0ceba0bee21efc6ea21a8b5290349"},
    {file = "rapidfuzz-3.9.3-pp38-pypy38_pp73-manylinux_2_17_i686.manylinux2014_i686.whl", hash = "sha256:b770f85eab24034e6ef7df04b2bfd9a45048e24f8a808e903441aa5abde8ecdd"},
    {file = "rapidfuzz-3.9.3-pp38-pypy38_pp73-manylinux_2_17_x86_64.manylinux2014_x86_64.whl", hash = "sha256:930b4e6fdb4d914390141a2b99a6f77a52beacf1d06aa4e170cba3a98e24c1bc"},
    {file = "rapidfuzz-3.9.3-pp38-pypy38_pp73-win_amd64.whl", hash = "sha256:c8444e921bfc3757c475c4f4d7416a7aa69b2d992d5114fe55af21411187ab0d"},
    {file = "rapidfuzz-3.9.3-pp39-pypy39_pp73-macosx_10_9_x86_64.whl", hash = "sha256:2c1d3ef3878f871abe6826e386c3d61b5292ef5f7946fe646f4206b85836b5da"},
    {file = "rapidfuzz-3.9.3-pp39-pypy39_pp73-macosx_11_0_arm64.whl", hash = "sha256:d861bf326ee7dabc35c532a40384541578cd1ec1e1b7db9f9ecbba56eb76ca22"},
    {file = "rapidfuzz-3.9.3-pp39-pypy39_pp73-manylinux_2_17_aarch64.manylinux2014_aarch64.whl", hash = "sha256:cde6b9d9ba5007077ee321ec722fa714ebc0cbd9a32ccf0f4dd3cc3f20952d71"},
    {file = "rapidfuzz-3.9.3-pp39-pypy39_pp73-manylinux_2_17_i686.manylinux2014_i686.whl", hash = "sha256:3bb6546e7b6bed1aefbe24f68a5fb9b891cc5aef61bca6c1a7b1054b7f0359bb"},
    {file = "rapidfuzz-3.9.3-pp39-pypy39_pp73-manylinux_2_17_x86_64.manylinux2014_x86_64.whl", hash = "sha256:3d8a57261ef7996d5ced7c8cba9189ada3fbeffd1815f70f635e4558d93766cb"},
    {file = "rapidfuzz-3.9.3-pp39-pypy39_pp73-win_amd64.whl", hash = "sha256:67201c02efc596923ad950519e0b75ceb78d524177ea557134d6567b9ac2c283"},
    {file = "rapidfuzz-3.9.3.tar.gz", hash = "sha256:b398ea66e8ed50451bce5997c430197d5e4b06ac4aa74602717f792d8d8d06e2"},
]

[package.extras]
full = ["numpy"]

[metadata]
lock-version = "2.0"
python-versions = "^3.11"
content-hash = "af8437f65d4766b2d69520bff54367cdd6c279b4f0e84a9c11b4e45ba34158b2"
